// !$*UTF8*$!
{
	archiveVersion = 1;
	classes = {
	};
	objectVersion = 56;
	objects = {

/* Begin PBXBuildFile section */
		CC1AF14C2C6E6C1C00B09EBF /* LandmarksApp.swift in Sources */ = {isa = PBXBuildFile; fileRef = CC1AF14B2C6E6C1C00B09EBF /* LandmarksApp.swift */; };
		CC1AF14E2C6E6C1C00B09EBF /* ContentView.swift in Sources */ = {isa = PBXBuildFile; fileRef = CC1AF14D2C6E6C1C00B09EBF /* ContentView.swift */; };
		CC1AF1502C6E6C1E00B09EBF /* Assets.xcassets in Resources */ = {isa = PBXBuildFile; fileRef = CC1AF14F2C6E6C1E00B09EBF /* Assets.xcassets */; };
		CC1AF1532C6E6C1E00B09EBF /* Preview Assets.xcassets in Resources */ = {isa = PBXBuildFile; fileRef = CC1AF1522C6E6C1E00B09EBF /* Preview Assets.xcassets */; };
		CC1AF15A2C6E6FEE00B09EBF /* CircleImage.swift in Sources */ = {isa = PBXBuildFile; fileRef = CC1AF1592C6E6FEE00B09EBF /* CircleImage.swift */; };
		CC1AF15C2C6E70E200B09EBF /* MapView.swift in Sources */ = {isa = PBXBuildFile; fileRef = CC1AF15B2C6E70E200B09EBF /* MapView.swift */; };
		CC1AF1662C6E7B4800B09EBF /* ContentView.swift in Sources */ = {isa = PBXBuildFile; fileRef = CC1AF1652C6E7B4800B09EBF /* ContentView.swift */; };
		CC1AF1682C6E7B4A00B09EBF /* Assets.xcassets in Resources */ = {isa = PBXBuildFile; fileRef = CC1AF1672C6E7B4A00B09EBF /* Assets.xcassets */; };
		CC1AF16B2C6E7B4A00B09EBF /* Preview Assets.xcassets in Resources */ = {isa = PBXBuildFile; fileRef = CC1AF16A2C6E7B4A00B09EBF /* Preview Assets.xcassets */; };
		CCC924CC2C6FD59500E993FD /* landmarkData.json in Resources */ = {isa = PBXBuildFile; fileRef = CCC924CB2C6FD59500E993FD /* landmarkData.json */; };
		CCC924CE2C6FD5BA00E993FD /* Landmark.swift in Sources */ = {isa = PBXBuildFile; fileRef = CCC924CD2C6FD5BA00E993FD /* Landmark.swift */; };
		CCC924E62C6FD6F900E993FD /* ModelData.swift in Sources */ = {isa = PBXBuildFile; fileRef = CCC924E52C6FD6F900E993FD /* ModelData.swift */; };
		CCC924EB2C6FD86800E993FD /* LandmarkRow.swift in Sources */ = {isa = PBXBuildFile; fileRef = CCC924EA2C6FD86800E993FD /* LandmarkRow.swift */; };
		CCC924ED2C6FD99700E993FD /* LandmarkList.swift in Sources */ = {isa = PBXBuildFile; fileRef = CCC924EC2C6FD99700E993FD /* LandmarkList.swift */; };
		CCC924EF2C6FDB5A00E993FD /* LandmarkDetail.swift in Sources */ = {isa = PBXBuildFile; fileRef = CCC924EE2C6FDB5A00E993FD /* LandmarkDetail.swift */; };
/* End PBXBuildFile section */

/* Begin PBXFileReference section */
		CC1AF1482C6E6C1C00B09EBF /* Landmarks.app */ = {isa = PBXFileReference; explicitFileType = wrapper.application; includeInIndex = 0; path = Landmarks.app; sourceTree = BUILT_PRODUCTS_DIR; };
		CC1AF14B2C6E6C1C00B09EBF /* LandmarksApp.swift */ = {isa = PBXFileReference; lastKnownFileType = sourcecode.swift; path = LandmarksApp.swift; sourceTree = "<group>"; };
		CC1AF14D2C6E6C1C00B09EBF /* ContentView.swift */ = {isa = PBXFileReference; lastKnownFileType = sourcecode.swift; path = ContentView.swift; sourceTree = "<group>"; };
		CC1AF14F2C6E6C1E00B09EBF /* Assets.xcassets */ = {isa = PBXFileReference; lastKnownFileType = folder.assetcatalog; path = Assets.xcassets; sourceTree = "<group>"; };
		CC1AF1522C6E6C1E00B09EBF /* Preview Assets.xcassets */ = {isa = PBXFileReference; lastKnownFileType = folder.assetcatalog; path = "Preview Assets.xcassets"; sourceTree = "<group>"; };
		CC1AF1592C6E6FEE00B09EBF /* CircleImage.swift */ = {isa = PBXFileReference; lastKnownFileType = sourcecode.swift; path = CircleImage.swift; sourceTree = "<group>"; };
		CC1AF15B2C6E70E200B09EBF /* MapView.swift */ = {isa = PBXFileReference; lastKnownFileType = sourcecode.swift; path = MapView.swift; sourceTree = "<group>"; };
		CC1AF1612C6E7B4800B09EBF /* MacLandmarks.app */ = {isa = PBXFileReference; explicitFileType = wrapper.application; includeInIndex = 0; path = MacLandmarks.app; sourceTree = BUILT_PRODUCTS_DIR; };
		CC1AF1652C6E7B4800B09EBF /* ContentView.swift */ = {isa = PBXFileReference; lastKnownFileType = sourcecode.swift; path = ContentView.swift; sourceTree = "<group>"; };
		CC1AF1672C6E7B4A00B09EBF /* Assets.xcassets */ = {isa = PBXFileReference; lastKnownFileType = folder.assetcatalog; path = Assets.xcassets; sourceTree = "<group>"; };
		CC1AF16A2C6E7B4A00B09EBF /* Preview Assets.xcassets */ = {isa = PBXFileReference; lastKnownFileType = folder.assetcatalog; path = "Preview Assets.xcassets"; sourceTree = "<group>"; };
		CC1AF16C2C6E7B4A00B09EBF /* MacLandmarks.entitlements */ = {isa = PBXFileReference; lastKnownFileType = text.plist.entitlements; path = MacLandmarks.entitlements; sourceTree = "<group>"; };
		CCC924CB2C6FD59500E993FD /* landmarkData.json */ = {isa = PBXFileReference; fileEncoding = 4; lastKnownFileType = text.json; path = landmarkData.json; sourceTree = "<group>"; };
		CCC924CD2C6FD5BA00E993FD /* Landmark.swift */ = {isa = PBXFileReference; lastKnownFileType = sourcecode.swift; path = Landmark.swift; sourceTree = "<group>"; };
		CCC924E52C6FD6F900E993FD /* ModelData.swift */ = {isa = PBXFileReference; lastKnownFileType = sourcecode.swift; path = ModelData.swift; sourceTree = "<group>"; };
		CCC924EA2C6FD86800E993FD /* LandmarkRow.swift */ = {isa = PBXFileReference; lastKnownFileType = sourcecode.swift; path = LandmarkRow.swift; sourceTree = SOURCE_ROOT; };
		CCC924EC2C6FD99700E993FD /* LandmarkList.swift */ = {isa = PBXFileReference; lastKnownFileType = sourcecode.swift; path = LandmarkList.swift; sourceTree = "<group>"; };
		CCC924EE2C6FDB5A00E993FD /* LandmarkDetail.swift */ = {isa = PBXFileReference; lastKnownFileType = sourcecode.swift; path = LandmarkDetail.swift; sourceTree = "<group>"; };
/* End PBXFileReference section */

/* Begin PBXFrameworksBuildPhase section */
		CC1AF1452C6E6C1C00B09EBF /* Frameworks */ = {
			isa = PBXFrameworksBuildPhase;
			buildActionMask = 2147483647;
			files = (
			);
			runOnlyForDeploymentPostprocessing = 0;
		};
		CC1AF15E2C6E7B4800B09EBF /* Frameworks */ = {
			isa = PBXFrameworksBuildPhase;
			buildActionMask = 2147483647;
			files = (
			);
			runOnlyForDeploymentPostprocessing = 0;
		};
/* End PBXFrameworksBuildPhase section */

/* Begin PBXGroup section */
		CC1AF13F2C6E6C1C00B09EBF = {
			isa = PBXGroup;
			children = (
				CC1AF14A2C6E6C1C00B09EBF /* Landmarks */,
				CC1AF1622C6E7B4800B09EBF /* MacLandmarks */,
				CC1AF1492C6E6C1C00B09EBF /* Products */,
			);
			sourceTree = "<group>";
		};
		CC1AF1492C6E6C1C00B09EBF /* Products */ = {
			isa = PBXGroup;
			children = (
				CC1AF1482C6E6C1C00B09EBF /* Landmarks.app */,
				CC1AF1612C6E7B4800B09EBF /* MacLandmarks.app */,
			);
			name = Products;
			sourceTree = "<group>";
		};
		CC1AF14A2C6E6C1C00B09EBF /* Landmarks */ = {
			isa = PBXGroup;
			children = (
				CCC924E92C6FD83000E993FD /* Model */,
				CCC924E82C6FD81D00E993FD /* Resources */,
				CCC924E72C6FD7FF00E993FD /* Views */,
				CC1AF14B2C6E6C1C00B09EBF /* LandmarksApp.swift */,
				CC1AF14F2C6E6C1E00B09EBF /* Assets.xcassets */,
				CC1AF1512C6E6C1E00B09EBF /* Preview Content */,
			);
			path = Landmarks;
			sourceTree = "<group>";
		};
		CC1AF1512C6E6C1E00B09EBF /* Preview Content */ = {
			isa = PBXGroup;
			children = (
				CC1AF1522C6E6C1E00B09EBF /* Preview Assets.xcassets */,
			);
			path = "Preview Content";
			sourceTree = "<group>";
		};
		CC1AF1622C6E7B4800B09EBF /* MacLandmarks */ = {
			isa = PBXGroup;
			children = (
				CC1AF1652C6E7B4800B09EBF /* ContentView.swift */,
				CC1AF1672C6E7B4A00B09EBF /* Assets.xcassets */,
				CC1AF16C2C6E7B4A00B09EBF /* MacLandmarks.entitlements */,
				CC1AF1692C6E7B4A00B09EBF /* Preview Content */,
			);
			path = MacLandmarks;
			sourceTree = "<group>";
		};
		CC1AF1692C6E7B4A00B09EBF /* Preview Content */ = {
			isa = PBXGroup;
			children = (
				CC1AF16A2C6E7B4A00B09EBF /* Preview Assets.xcassets */,
			);
			path = "Preview Content";
			sourceTree = "<group>";
		};
		CCC924E72C6FD7FF00E993FD /* Views */ = {
			isa = PBXGroup;
			children = (
				CCC924EA2C6FD86800E993FD /* LandmarkRow.swift */,
				CC1AF14D2C6E6C1C00B09EBF /* ContentView.swift */,
				CC1AF1592C6E6FEE00B09EBF /* CircleImage.swift */,
				CC1AF15B2C6E70E200B09EBF /* MapView.swift */,
				CCC924EC2C6FD99700E993FD /* LandmarkList.swift */,
				CCC924EE2C6FDB5A00E993FD /* LandmarkDetail.swift */,
			);
			path = Views;
			sourceTree = "<group>";
		};
		CCC924E82C6FD81D00E993FD /* Resources */ = {
			isa = PBXGroup;
			children = (
				CCC924CB2C6FD59500E993FD /* landmarkData.json */,
			);
			path = Resources;
			sourceTree = "<group>";
		};
		CCC924E92C6FD83000E993FD /* Model */ = {
			isa = PBXGroup;
			children = (
				CCC924E52C6FD6F900E993FD /* ModelData.swift */,
				CCC924CD2C6FD5BA00E993FD /* Landmark.swift */,
			);
			path = Model;
			sourceTree = "<group>";
		};
/* End PBXGroup section */

/* Begin PBXNativeTarget section */
		CC1AF1472C6E6C1C00B09EBF /* Landmarks */ = {
			isa = PBXNativeTarget;
			buildConfigurationList = CC1AF1562C6E6C1E00B09EBF /* Build configuration list for PBXNativeTarget "Landmarks" */;
			buildPhases = (
				CC1AF1442C6E6C1C00B09EBF /* Sources */,
				CC1AF1452C6E6C1C00B09EBF /* Frameworks */,
				CC1AF1462C6E6C1C00B09EBF /* Resources */,
			);
			buildRules = (
			);
			dependencies = (
			);
			name = Landmarks;
			productName = Landmarks;
			productReference = CC1AF1482C6E6C1C00B09EBF /* Landmarks.app */;
			productType = "com.apple.product-type.application";
		};
		CC1AF1602C6E7B4800B09EBF /* MacLandmarks */ = {
			isa = PBXNativeTarget;
			buildConfigurationList = CC1AF16D2C6E7B4A00B09EBF /* Build configuration list for PBXNativeTarget "MacLandmarks" */;
			buildPhases = (
				CC1AF15D2C6E7B4800B09EBF /* Sources */,
				CC1AF15E2C6E7B4800B09EBF /* Frameworks */,
				CC1AF15F2C6E7B4800B09EBF /* Resources */,
			);
			buildRules = (
			);
			dependencies = (
			);
			name = MacLandmarks;
			productName = MacLandmarks;
			productReference = CC1AF1612C6E7B4800B09EBF /* MacLandmarks.app */;
			productType = "com.apple.product-type.application";
		};
/* End PBXNativeTarget section */

/* Begin PBXProject section */
		CC1AF1402C6E6C1C00B09EBF /* Project object */ = {
			isa = PBXProject;
			attributes = {
				BuildIndependentTargetsInParallel = 1;
				LastSwiftUpdateCheck = 1540;
				LastUpgradeCheck = 1540;
				TargetAttributes = {
					CC1AF1472C6E6C1C00B09EBF = {
						CreatedOnToolsVersion = 15.4;
					};
					CC1AF1602C6E7B4800B09EBF = {
						CreatedOnToolsVersion = 15.4;
					};
				};
			};
			buildConfigurationList = CC1AF1432C6E6C1C00B09EBF /* Build configuration list for PBXProject "Landmarks" */;
			compatibilityVersion = "Xcode 14.0";
			developmentRegion = en;
			hasScannedForEncodings = 0;
			knownRegions = (
				en,
				Base,
			);
			mainGroup = CC1AF13F2C6E6C1C00B09EBF;
			productRefGroup = CC1AF1492C6E6C1C00B09EBF /* Products */;
			projectDirPath = "";
			projectRoot = "";
			targets = (
				CC1AF1472C6E6C1C00B09EBF /* Landmarks */,
				CC1AF1602C6E7B4800B09EBF /* MacLandmarks */,
			);
		};
/* End PBXProject section */

/* Begin PBXResourcesBuildPhase section */
		CC1AF1462C6E6C1C00B09EBF /* Resources */ = {
			isa = PBXResourcesBuildPhase;
			buildActionMask = 2147483647;
			files = (
				CC1AF1532C6E6C1E00B09EBF /* Preview Assets.xcassets in Resources */,
				CC1AF1502C6E6C1E00B09EBF /* Assets.xcassets in Resources */,
				CCC924CC2C6FD59500E993FD /* landmarkData.json in Resources */,
			);
			runOnlyForDeploymentPostprocessing = 0;
		};
		CC1AF15F2C6E7B4800B09EBF /* Resources */ = {
			isa = PBXResourcesBuildPhase;
			buildActionMask = 2147483647;
			files = (
				CC1AF16B2C6E7B4A00B09EBF /* Preview Assets.xcassets in Resources */,
				CC1AF1682C6E7B4A00B09EBF /* Assets.xcassets in Resources */,
			);
			runOnlyForDeploymentPostprocessing = 0;
		};
/* End PBXResourcesBuildPhase section */

/* Begin PBXSourcesBuildPhase section */
		CC1AF1442C6E6C1C00B09EBF /* Sources */ = {
			isa = PBXSourcesBuildPhase;
			buildActionMask = 2147483647;
			files = (
				CC1AF14E2C6E6C1C00B09EBF /* ContentView.swift in Sources */,
				CC1AF15C2C6E70E200B09EBF /* MapView.swift in Sources */,
				CC1AF14C2C6E6C1C00B09EBF /* LandmarksApp.swift in Sources */,
				CCC924ED2C6FD99700E993FD /* LandmarkList.swift in Sources */,
				CCC924EF2C6FDB5A00E993FD /* LandmarkDetail.swift in Sources */,
				CC1AF15A2C6E6FEE00B09EBF /* CircleImage.swift in Sources */,
				CCC924CE2C6FD5BA00E993FD /* Landmark.swift in Sources */,
				CCC924EB2C6FD86800E993FD /* LandmarkRow.swift in Sources */,
				CCC924E62C6FD6F900E993FD /* ModelData.swift in Sources */,
			);
			runOnlyForDeploymentPostprocessing = 0;
		};
		CC1AF15D2C6E7B4800B09EBF /* Sources */ = {
			isa = PBXSourcesBuildPhase;
			buildActionMask = 2147483647;
			files = (
				CC1AF1662C6E7B4800B09EBF /* ContentView.swift in Sources */,
			);
			runOnlyForDeploymentPostprocessing = 0;
		};
/* End PBXSourcesBuildPhase section */

/* Begin XCBuildConfiguration section */
		CC1AF1542C6E6C1E00B09EBF /* Debug */ = {
			isa = XCBuildConfiguration;
			buildSettings = {
				ALWAYS_SEARCH_USER_PATHS = NO;
				ASSETCATALOG_COMPILER_GENERATE_SWIFT_ASSET_SYMBOL_EXTENSIONS = YES;
				CLANG_ANALYZER_NONNULL = YES;
				CLANG_ANALYZER_NUMBER_OBJECT_CONVERSION = YES_AGGRESSIVE;
				CLANG_CXX_LANGUAGE_STANDARD = "gnu++20";
				CLANG_ENABLE_MODULES = YES;
				CLANG_ENABLE_OBJC_ARC = YES;
				CLANG_ENABLE_OBJC_WEAK = YES;
				CLANG_WARN_BLOCK_CAPTURE_AUTORELEASING = YES;
				CLANG_WARN_BOOL_CONVERSION = YES;
				CLANG_WARN_COMMA = YES;
				CLANG_WARN_CONSTANT_CONVERSION = YES;
				CLANG_WARN_DEPRECATED_OBJC_IMPLEMENTATIONS = YES;
				CLANG_WARN_DIRECT_OBJC_ISA_USAGE = YES_ERROR;
				CLANG_WARN_DOCUMENTATION_COMMENTS = YES;
				CLANG_WARN_EMPTY_BODY = YES;
				CLANG_WARN_ENUM_CONVERSION = YES;
				CLANG_WARN_INFINITE_RECURSION = YES;
				CLANG_WARN_INT_CONVERSION = YES;
				CLANG_WARN_NON_LITERAL_NULL_CONVERSION = YES;
				CLANG_WARN_OBJC_IMPLICIT_RETAIN_SELF = YES;
				CLANG_WARN_OBJC_LITERAL_CONVERSION = YES;
				CLANG_WARN_OBJC_ROOT_CLASS = YES_ERROR;
				CLANG_WARN_QUOTED_INCLUDE_IN_FRAMEWORK_HEADER = YES;
				CLANG_WARN_RANGE_LOOP_ANALYSIS = YES;
				CLANG_WARN_STRICT_PROTOTYPES = YES;
				CLANG_WARN_SUSPICIOUS_MOVE = YES;
				CLANG_WARN_UNGUARDED_AVAILABILITY = YES_AGGRESSIVE;
				CLANG_WARN_UNREACHABLE_CODE = YES;
				CLANG_WARN__DUPLICATE_METHOD_MATCH = YES;
				COPY_PHASE_STRIP = NO;
				DEBUG_INFORMATION_FORMAT = dwarf;
				ENABLE_STRICT_OBJC_MSGSEND = YES;
				ENABLE_TESTABILITY = YES;
				ENABLE_USER_SCRIPT_SANDBOXING = YES;
				GCC_C_LANGUAGE_STANDARD = gnu17;
				GCC_DYNAMIC_NO_PIC = NO;
				GCC_NO_COMMON_BLOCKS = YES;
				GCC_OPTIMIZATION_LEVEL = 0;
				GCC_PREPROCESSOR_DEFINITIONS = (
					"DEBUG=1",
					"$(inherited)",
				);
				GCC_WARN_64_TO_32_BIT_CONVERSION = YES;
				GCC_WARN_ABOUT_RETURN_TYPE = YES_ERROR;
				GCC_WARN_UNDECLARED_SELECTOR = YES;
				GCC_WARN_UNINITIALIZED_AUTOS = YES_AGGRESSIVE;
				GCC_WARN_UNUSED_FUNCTION = YES;
				GCC_WARN_UNUSED_VARIABLE = YES;
				IPHONEOS_DEPLOYMENT_TARGET = 17.5;
				LOCALIZATION_PREFERS_STRING_CATALOGS = YES;
				MTL_ENABLE_DEBUG_INFO = INCLUDE_SOURCE;
				MTL_FAST_MATH = YES;
				ONLY_ACTIVE_ARCH = YES;
				SDKROOT = iphoneos;
				SWIFT_ACTIVE_COMPILATION_CONDITIONS = "DEBUG $(inherited)";
				SWIFT_OPTIMIZATION_LEVEL = "-Onone";
			};
			name = Debug;
		};
		CC1AF1552C6E6C1E00B09EBF /* Release */ = {
			isa = XCBuildConfiguration;
			buildSettings = {
				ALWAYS_SEARCH_USER_PATHS = NO;
				ASSETCATALOG_COMPILER_GENERATE_SWIFT_ASSET_SYMBOL_EXTENSIONS = YES;
				CLANG_ANALYZER_NONNULL = YES;
				CLANG_ANALYZER_NUMBER_OBJECT_CONVERSION = YES_AGGRESSIVE;
				CLANG_CXX_LANGUAGE_STANDARD = "gnu++20";
				CLANG_ENABLE_MODULES = YES;
				CLANG_ENABLE_OBJC_ARC = YES;
				CLANG_ENABLE_OBJC_WEAK = YES;
				CLANG_WARN_BLOCK_CAPTURE_AUTORELEASING = YES;
				CLANG_WARN_BOOL_CONVERSION = YES;
				CLANG_WARN_COMMA = YES;
				CLANG_WARN_CONSTANT_CONVERSION = YES;
				CLANG_WARN_DEPRECATED_OBJC_IMPLEMENTATIONS = YES;
				CLANG_WARN_DIRECT_OBJC_ISA_USAGE = YES_ERROR;
				CLANG_WARN_DOCUMENTATION_COMMENTS = YES;
				CLANG_WARN_EMPTY_BODY = YES;
				CLANG_WARN_ENUM_CONVERSION = YES;
				CLANG_WARN_INFINITE_RECURSION = YES;
				CLANG_WARN_INT_CONVERSION = YES;
				CLANG_WARN_NON_LITERAL_NULL_CONVERSION = YES;
				CLANG_WARN_OBJC_IMPLICIT_RETAIN_SELF = YES;
				CLANG_WARN_OBJC_LITERAL_CONVERSION = YES;
				CLANG_WARN_OBJC_ROOT_CLASS = YES_ERROR;
				CLANG_WARN_QUOTED_INCLUDE_IN_FRAMEWORK_HEADER = YES;
				CLANG_WARN_RANGE_LOOP_ANALYSIS = YES;
				CLANG_WARN_STRICT_PROTOTYPES = YES;
				CLANG_WARN_SUSPICIOUS_MOVE = YES;
				CLANG_WARN_UNGUARDED_AVAILABILITY = YES_AGGRESSIVE;
				CLANG_WARN_UNREACHABLE_CODE = YES;
				CLANG_WARN__DUPLICATE_METHOD_MATCH = YES;
				COPY_PHASE_STRIP = NO;
				DEBUG_INFORMATION_FORMAT = "dwarf-with-dsym";
				ENABLE_NS_ASSERTIONS = NO;
				ENABLE_STRICT_OBJC_MSGSEND = YES;
				ENABLE_USER_SCRIPT_SANDBOXING = YES;
				GCC_C_LANGUAGE_STANDARD = gnu17;
				GCC_NO_COMMON_BLOCKS = YES;
				GCC_WARN_64_TO_32_BIT_CONVERSION = YES;
				GCC_WARN_ABOUT_RETURN_TYPE = YES_ERROR;
				GCC_WARN_UNDECLARED_SELECTOR = YES;
				GCC_WARN_UNINITIALIZED_AUTOS = YES_AGGRESSIVE;
				GCC_WARN_UNUSED_FUNCTION = YES;
				GCC_WARN_UNUSED_VARIABLE = YES;
				IPHONEOS_DEPLOYMENT_TARGET = 17.5;
				LOCALIZATION_PREFERS_STRING_CATALOGS = YES;
				MTL_ENABLE_DEBUG_INFO = NO;
				MTL_FAST_MATH = YES;
				SDKROOT = iphoneos;
				SWIFT_COMPILATION_MODE = wholemodule;
				VALIDATE_PRODUCT = YES;
			};
			name = Release;
		};
		CC1AF1572C6E6C1E00B09EBF /* Debug */ = {
			isa = XCBuildConfiguration;
			buildSettings = {
				ASSETCATALOG_COMPILER_APPICON_NAME = AppIcon;
				ASSETCATALOG_COMPILER_GLOBAL_ACCENT_COLOR_NAME = AccentColor;
				CODE_SIGN_STYLE = Automatic;
				CURRENT_PROJECT_VERSION = 1;
				DEVELOPMENT_ASSET_PATHS = "\"Landmarks/Preview Content\"";
				DEVELOPMENT_TEAM = 7B29UAFY25;
				ENABLE_PREVIEWS = YES;
				GENERATE_INFOPLIST_FILE = YES;
				INFOPLIST_KEY_UIApplicationSceneManifest_Generation = YES;
				INFOPLIST_KEY_UIApplicationSupportsIndirectInputEvents = YES;
				INFOPLIST_KEY_UILaunchScreen_Generation = YES;
				INFOPLIST_KEY_UISupportedInterfaceOrientations_iPad = "UIInterfaceOrientationPortrait UIInterfaceOrientationPortraitUpsideDown UIInterfaceOrientationLandscapeLeft UIInterfaceOrientationLandscapeRight";
				INFOPLIST_KEY_UISupportedInterfaceOrientations_iPhone = "UIInterfaceOrientationPortrait UIInterfaceOrientationLandscapeLeft UIInterfaceOrientationLandscapeRight";
				LD_RUNPATH_SEARCH_PATHS = (
					"$(inherited)",
					"@executable_path/Frameworks",
				);
				MARKETING_VERSION = 1.0;
				PRODUCT_BUNDLE_IDENTIFIER = funsoft.Landmarks;
				PRODUCT_NAME = "$(TARGET_NAME)";
				SWIFT_EMIT_LOC_STRINGS = YES;
				SWIFT_VERSION = 5.0;
				TARGETED_DEVICE_FAMILY = "1,2";
			};
			name = Debug;
		};
		CC1AF1582C6E6C1E00B09EBF /* Release */ = {
			isa = XCBuildConfiguration;
			buildSettings = {
				ASSETCATALOG_COMPILER_APPICON_NAME = AppIcon;
				ASSETCATALOG_COMPILER_GLOBAL_ACCENT_COLOR_NAME = AccentColor;
				CODE_SIGN_STYLE = Automatic;
				CURRENT_PROJECT_VERSION = 1;
				DEVELOPMENT_ASSET_PATHS = "\"Landmarks/Preview Content\"";
				DEVELOPMENT_TEAM = 7B29UAFY25;
				ENABLE_PREVIEWS = YES;
				GENERATE_INFOPLIST_FILE = YES;
				INFOPLIST_KEY_UIApplicationSceneManifest_Generation = YES;
				INFOPLIST_KEY_UIApplicationSupportsIndirectInputEvents = YES;
				INFOPLIST_KEY_UILaunchScreen_Generation = YES;
				INFOPLIST_KEY_UISupportedInterfaceOrientations_iPad = "UIInterfaceOrientationPortrait UIInterfaceOrientationPortraitUpsideDown UIInterfaceOrientationLandscapeLeft UIInterfaceOrientationLandscapeRight";
				INFOPLIST_KEY_UISupportedInterfaceOrientations_iPhone = "UIInterfaceOrientationPortrait UIInterfaceOrientationLandscapeLeft UIInterfaceOrientationLandscapeRight";
				LD_RUNPATH_SEARCH_PATHS = (
					"$(inherited)",
					"@executable_path/Frameworks",
				);
				MARKETING_VERSION = 1.0;
				PRODUCT_BUNDLE_IDENTIFIER = funsoft.Landmarks;
				PRODUCT_NAME = "$(TARGET_NAME)";
				SWIFT_EMIT_LOC_STRINGS = YES;
				SWIFT_VERSION = 5.0;
				TARGETED_DEVICE_FAMILY = "1,2";
			};
			name = Release;
		};
		CC1AF16E2C6E7B4A00B09EBF /* Debug */ = {
			isa = XCBuildConfiguration;
			buildSettings = {
				ASSETCATALOG_COMPILER_APPICON_NAME = AppIcon;
				ASSETCATALOG_COMPILER_GLOBAL_ACCENT_COLOR_NAME = AccentColor;
				CODE_SIGN_ENTITLEMENTS = MacLandmarks/MacLandmarks.entitlements;
				CODE_SIGN_STYLE = Automatic;
				COMBINE_HIDPI_IMAGES = YES;
				CURRENT_PROJECT_VERSION = 1;
				DEVELOPMENT_ASSET_PATHS = "\"MacLandmarks/Preview Content\"";
				DEVELOPMENT_TEAM = 7B29UAFY25;
				ENABLE_PREVIEWS = YES;
				GENERATE_INFOPLIST_FILE = YES;
				INFOPLIST_KEY_NSHumanReadableCopyright = "";
				LD_RUNPATH_SEARCH_PATHS = (
					"$(inherited)",
					"@executable_path/../Frameworks",
				);
				MACOSX_DEPLOYMENT_TARGET = 14.5;
				MARKETING_VERSION = 1.0;
				PRODUCT_BUNDLE_IDENTIFIER = funsoft.MacLandmarks;
				PRODUCT_NAME = "$(TARGET_NAME)";
				SDKROOT = macosx;
				SWIFT_EMIT_LOC_STRINGS = YES;
				SWIFT_VERSION = 5.0;
			};
			name = Debug;
		};
		CC1AF16F2C6E7B4A00B09EBF /* Release */ = {
			isa = XCBuildConfiguration;
			buildSettings = {
				ASSETCATALOG_COMPILER_APPICON_NAME = AppIcon;
				ASSETCATALOG_COMPILER_GLOBAL_ACCENT_COLOR_NAME = AccentColor;
				CODE_SIGN_ENTITLEMENTS = MacLandmarks/MacLandmarks.entitlements;
				CODE_SIGN_STYLE = Automatic;
				COMBINE_HIDPI_IMAGES = YES;
				CURRENT_PROJECT_VERSION = 1;
				DEVELOPMENT_ASSET_PATHS = "\"MacLandmarks/Preview Content\"";
				DEVELOPMENT_TEAM = 7B29UAFY25;
				ENABLE_PREVIEWS = YES;
				GENERATE_INFOPLIST_FILE = YES;
				INFOPLIST_KEY_NSHumanReadableCopyright = "";
				LD_RUNPATH_SEARCH_PATHS = (
					"$(inherited)",
					"@executable_path/../Frameworks",
				);
				MACOSX_DEPLOYMENT_TARGET = 14.5;
				MARKETING_VERSION = 1.0;
				PRODUCT_BUNDLE_IDENTIFIER = funsoft.MacLandmarks;
				PRODUCT_NAME = "$(TARGET_NAME)";
				SDKROOT = macosx;
				SWIFT_EMIT_LOC_STRINGS = YES;
				SWIFT_VERSION = 5.0;
			};
			name = Release;
		};
/* End XCBuildConfiguration section */

/* Begin XCConfigurationList section */
		CC1AF1432C6E6C1C00B09EBF /* Build configuration list for PBXProject "Landmarks" */ = {
			isa = XCConfigurationList;
			buildConfigurations = (
				CC1AF1542C6E6C1E00B09EBF /* Debug */,
				CC1AF1552C6E6C1E00B09EBF /* Release */,
			);
			defaultConfigurationIsVisible = 0;
			defaultConfigurationName = Release;
		};
		CC1AF1562C6E6C1E00B09EBF /* Build configuration list for PBXNativeTarget "Landmarks" */ = {
			isa = XCConfigurationList;
			buildConfigurations = (
				CC1AF1572C6E6C1E00B09EBF /* Debug */,
				CC1AF1582C6E6C1E00B09EBF /* Release */,
			);
			defaultConfigurationIsVisible = 0;
			defaultConfigurationName = Release;
		};
		CC1AF16D2C6E7B4A00B09EBF /* Build configuration list for PBXNativeTarget "MacLandmarks" */ = {
			isa = XCConfigurationList;
			buildConfigurations = (
				CC1AF16E2C6E7B4A00B09EBF /* Debug */,
				CC1AF16F2C6E7B4A00B09EBF /* Release */,
			);
			defaultConfigurationIsVisible = 0;
			defaultConfigurationName = Release;
		};
/* End XCConfigurationList section */
	};
	rootObject = CC1AF1402C6E6C1C00B09EBF /* Project object */;
}
